
Microsoft Visual Studio Solution File, Format Version 12.00
# Visual Studio Version 16
VisualStudioVersion = 16.0.28803.452
MinimumVisualStudioVersion = 10.0.40219.1
Project("{FAE04EC0-301F-11D3-BF4B-00C04F79EFBC}") = "Week3MusicStoreTutorial", "Week3MusicStoreTutorial\Week3MusicStoreTutorial.csproj", "{74C9E365-9ECF-42EC-A94A-1B2B1F78325B}"
EndProject
Global
	GlobalSection(SolutionConfigurationPlatforms) = preSolution
		Debug|Any CPU = Debug|Any CPU
		Release|Any CPU = Release|Any CPU
	EndGlobalSection
	GlobalSection(ProjectConfigurationPlatforms) = postSolution
		{74C9E365-9ECF-42EC-A94A-1B2B1F78325B}.Debug|Any CPU.ActiveCfg = Debug|Any CPU
		{74C9E365-9ECF-42EC-A94A-1B2B1F78325B}.Debug|Any CPU.Build.0 = Debug|Any CPU
		{74C9E365-9ECF-42EC-A94A-1B2B1F78325B}.Release|Any CPU.ActiveCfg = Release|Any CPU
		{74C9E365-9ECF-42EC-A94A-1B2B1F78325B}.Release|Any CPU.Build.0 = Release|Any CPU
	EndGlobalSection
	GlobalSection(SolutionProperties) = preSolution
		HideSolutionNode = FALSE
	EndGlobalSection
	GlobalSection(ExtensibilityGlobals) = postSolution
		SolutionGuid = {8AAA56C0-FF09-4339-8089-1CC529D3B920}
	EndGlobalSection
EndGlobal
